// !$*UTF8*$!
{
	archiveVersion = 1;
	classes = {
	};
	objectVersion = 77;
	objects = {

/* Begin PBXBuildFile section */
		0479097D63DDCB01B34278C5 /* Localizable.xcstrings in Resources */ = {isa = PBXBuildFile; fileRef = 361DB7BF6430418A9AA876E2 /* Localizable.xcstrings */; };
		09583EA9E3261721BE8AC95F /* Products.storekit in Resources */ = {isa = PBXBuildFile; fileRef = 541E8E6B837A9412B93A0E1F /* Products.storekit */; };
		0ED444FD32F3FDD30A9E4900 /* VideoManagerViewModel.swift in Sources */ = {isa = PBXBuildFile; fileRef = 434491C41AD68A00EFADE887 /* VideoManagerViewModel.swift */; };
		0EEB4E217CE348DC5B8E6FE0 /* WastePhotosView.swift in Sources */ = {isa = PBXBuildFile; fileRef = CEAFBC976F45C172EF02CA47 /* WastePhotosView.swift */; };
		12047E67A32897DDC29462B9 /* ShuffleVideoView.swift in Sources */ = {isa = PBXBuildFile; fileRef = EBD414750361F90610134685 /* ShuffleVideoView.swift */; };
		147BD6073E1E4C36B0447881 /* ScreenshotListView.swift in Sources */ = {isa = PBXBuildFile; fileRef = 44A2E63276E56A4BF20C022F /* ScreenshotListView.swift */; };
		1C70BECB044BC8F97D87FC64 /* SavedNote.swift in Sources */ = {isa = PBXBuildFile; fileRef = 368545C3C186E127DB89EC4C /* SavedNote.swift */; };
		1EE04521FED290D0C07FE6DB /* SpaceSavedBanner.swift in Sources */ = {isa = PBXBuildFile; fileRef = 9F1447FDD9993E149FC4FDF3 /* SpaceSavedBanner.swift */; };
		21548605D409C5712F8A4B8F /* SavedNotesView.swift in Sources */ = {isa = PBXBuildFile; fileRef = B1A38387ECA687ECFD947A68 /* SavedNotesView.swift */; };
		2173567B7E7488FF05586BC7 /* BackgroundTaskService.swift in Sources */ = {isa = PBXBuildFile; fileRef = 6A801972BC9D199E85E0859B /* BackgroundTaskService.swift */; };
		23F65CC84308DAA86A1EC3CB /* DesignSystem.swift in Sources */ = {isa = PBXBuildFile; fileRef = 39C79998029C673603AD8781 /* DesignSystem.swift */; };
		2806151EC3D9C9486983121E /* ButtonStyles.swift in Sources */ = {isa = PBXBuildFile; fileRef = FDE1F473ECFBC7D1694FE000 /* ButtonStyles.swift */; };
		2A5E0458DEF0925852005586 /* LoadingState.swift in Sources */ = {isa = PBXBuildFile; fileRef = CF6AC8C03515DB0C1F65C748 /* LoadingState.swift */; };
		2AA0C1E732FA859ECA427DA0 /* SimilarPhotosView.swift in Sources */ = {isa = PBXBuildFile; fileRef = 9E9E06B04C8F8E285C8F5985 /* SimilarPhotosView.swift */; };
		2CFD18909761C319E59BFBFD /* ShuffleMediaPage.swift in Sources */ = {isa = PBXBuildFile; fileRef = 608C15FF1F1A7F465DAAB78F /* ShuffleMediaPage.swift */; };
		31D9B669AE9A1EDBE6608626 /* CleanupGroup.swift in Sources */ = {isa = PBXBuildFile; fileRef = 2DEF85CBC76F96E545D1E97C /* CleanupGroup.swift */; };
		3608F5A7335BC941F63F606A /* PhotoCleanerViewModel.swift in Sources */ = {isa = PBXBuildFile; fileRef = 40B5A45D3ACFA11C18388A01 /* PhotoCleanerViewModel.swift */; };
		37C4A351FF5CF3B2FCE34947 /* StorageStatsTests.swift in Sources */ = {isa = PBXBuildFile; fileRef = D51B791FBB73A7995FF9DB90 /* StorageStatsTests.swift */; };
		3B3E2916278A6DFD6264A7A8 /* QuickCleanView.swift in Sources */ = {isa = PBXBuildFile; fileRef = EA2B04B956CF16DA0FD62C1D /* QuickCleanView.swift */; };
		3C19F4830C629B1BA2640E9F /* PhotoLibraryService.swift in Sources */ = {isa = PBXBuildFile; fileRef = A325B8ABE796D258963E6968 /* PhotoLibraryService.swift */; };
		3C94A114BD565F50420B0C4E /* PermissionManager.swift in Sources */ = {isa = PBXBuildFile; fileRef = A188D7B80D61FA1E8F8C3532 /* PermissionManager.swift */; };
		3DCFE0F6F8D1469DF2270390 /* ShuffleFeedViewModel.swift in Sources */ = {isa = PBXBuildFile; fileRef = BE1EEB2CB6CA8B0B08B5BBE9 /* ShuffleFeedViewModel.swift */; };
		3FAFF41916DD14E752C2366C /* VideoAnalysisService.swift in Sources */ = {isa = PBXBuildFile; fileRef = 52B155DB63764DE06B63F472 /* VideoAnalysisService.swift */; };
		41208AE104B17B6732EEE16C /* ShuffleDetailSheet.swift in Sources */ = {isa = PBXBuildFile; fileRef = B2EF62402EE90693BB3FACE4 /* ShuffleDetailSheet.swift */; };
		412B67359A45D3B0B4A36A58 /* VideoCompressView.swift in Sources */ = {isa = PBXBuildFile; fileRef = B449A6EA8783D0129574825D /* VideoCompressView.swift */; };
		420AF12F2DDE34EBE4457032 /* AnalysisResult.swift in Sources */ = {isa = PBXBuildFile; fileRef = 7FDACB976E6244E859C31A0C /* AnalysisResult.swift */; };
		4309BBAC59F7F63F23C70E30 /* CleanupCoordinator.swift in Sources */ = {isa = PBXBuildFile; fileRef = 611ADBFEAFCB00D031ED1F62 /* CleanupCoordinator.swift */; };
		481C650F2A3CB43F596D400A /* AppIcons.swift in Sources */ = {isa = PBXBuildFile; fileRef = 65155C25BECD1776BF3DF2B2 /* AppIcons.swift */; };
		4A1CD9FAEE90BD47CCFF1530 /* TrashView.swift in Sources */ = {isa = PBXBuildFile; fileRef = 6E312A77F0A4F5F78C41D6FC /* TrashView.swift */; };
		4C78296DE76E4DBBC3A8EE0E /* ScanProgress.swift in Sources */ = {isa = PBXBuildFile; fileRef = 39ED70F86DE055F155159538 /* ScanProgress.swift */; };
		4C87053F591C6238F0C9BF53 /* AppConstants.swift in Sources */ = {isa = PBXBuildFile; fileRef = 9CFD894333B69341192564C9 /* AppConstants.swift */; };
		4EDE1F7536A522906B9EC41F /* AppStrings.swift in Sources */ = {isa = PBXBuildFile; fileRef = CE4C9A30E92923E3798F1D22 /* AppStrings.swift */; };
		4F3A699DEEDB9337DCAAB7F3 /* ShufflePhotoView.swift in Sources */ = {isa = PBXBuildFile; fileRef = B0989E1312179B00D56119DA /* ShufflePhotoView.swift */; };
		5539B6879DC638794A2BB97C /* FileSize+Extensions.swift in Sources */ = {isa = PBXBuildFile; fileRef = AC06BC66186D55E657980BD0 /* FileSize+Extensions.swift */; };
		566181684A8A88DF8FA88FCB /* PrivacyInfo.xcprivacy in Resources */ = {isa = PBXBuildFile; fileRef = 405D5FFCAFB7BF331FD314FA /* PrivacyInfo.xcprivacy */; };
		56C7A12C847D784172386340 /* ShuffleItem.swift in Sources */ = {isa = PBXBuildFile; fileRef = 6990E330ED5218EFDA2BD7E8 /* ShuffleItem.swift */; };
		56EA2C0BCA6F971D42ECB3E7 /* AIAnalysisEngine.swift in Sources */ = {isa = PBXBuildFile; fileRef = 0799EE468F7982E834481E07 /* AIAnalysisEngine.swift */; };
		5A3F3A5A6BB429D2771B2229 /* ZoomableImageView.swift in Sources */ = {isa = PBXBuildFile; fileRef = BCB4AECDC1D9377F26592DB8 /* ZoomableImageView.swift */; };
		5B19020F1AB2BF52FBA0C63A /* LocationNameService.swift in Sources */ = {isa = PBXBuildFile; fileRef = F3F4D5EA9C44BEB4839F9C33 /* LocationNameService.swift */; };
		5D30D90A1CDDE4F5AE10C872 /* AppToast.swift in Sources */ = {isa = PBXBuildFile; fileRef = 87B67917D4C1A4514F567B07 /* AppToast.swift */; };
		5D79876DACD3A748F25E4D88 /* Assets.xcassets in Resources */ = {isa = PBXBuildFile; fileRef = C18622997683AFA6E27D52EB /* Assets.xcassets */; };
		5DF3D753A5208FA7A48A5793 /* ScreenshotViewModel.swift in Sources */ = {isa = PBXBuildFile; fileRef = 20FDBC784FC929F76EBBD5B0 /* ScreenshotViewModel.swift */; };
		7085EFA2D9B462C8C36222BD /* ScreenshotDetailView.swift in Sources */ = {isa = PBXBuildFile; fileRef = 4288FF7BBA1B7B7100EE8E4A /* ScreenshotDetailView.swift */; };
		766627A223FA0E96014040DA /* MainTabView.swift in Sources */ = {isa = PBXBuildFile; fileRef = 0A1E21DFB256416C24692E40 /* MainTabView.swift */; };
		7815414F58962420E43D24FB /* BackdropAdapterService.swift in Sources */ = {isa = PBXBuildFile; fileRef = 9EB1ACE83DDDB28F3A0A8687 /* BackdropAdapterService.swift */; };
		7A305B0E693186A4A475A3F9 /* StorageAnalyzer.swift in Sources */ = {isa = PBXBuildFile; fileRef = 0C68C07709C3006187C872DA /* StorageAnalyzer.swift */; };
		7E607D61B0355F6526A968E3 /* Haptics.swift in Sources */ = {isa = PBXBuildFile; fileRef = 46EA595F874B2839E5BE9E34 /* Haptics.swift */; };
		83BBD1C855F181B0A0D10052 /* ShuffleIndexQueue.swift in Sources */ = {isa = PBXBuildFile; fileRef = 5445A7BCBD0B7EBAEDC71079 /* ShuffleIndexQueue.swift */; };
		8542C412311A958DF71A74CC /* ShareCardGenerator.swift in Sources */ = {isa = PBXBuildFile; fileRef = AE7CB5272F042217583FD9D2 /* ShareCardGenerator.swift */; };
		89A400351EC88097E87D1E24 /* ImageSimilarityService.swift in Sources */ = {isa = PBXBuildFile; fileRef = B3159A367BD548864D9B8A3E /* ImageSimilarityService.swift */; };
		8BC25CC4AFAF157AFBE51FC4 /* AsyncSemaphore.swift in Sources */ = {isa = PBXBuildFile; fileRef = FBC5D320592C9766E00115AB /* AsyncSemaphore.swift */; };
		8C2B5DC4B2A5F8490EE67D22 /* ShuffleLivePhotoView.swift in Sources */ = {isa = PBXBuildFile; fileRef = BDF24C9744911F66F22CB207 /* ShuffleLivePhotoView.swift */; };
		8C38F32847A001562187A646 /* VideoSuggestionsView.swift in Sources */ = {isa = PBXBuildFile; fileRef = 8847460DC0921674C0B20D47 /* VideoSuggestionsView.swift */; };
		8D0A66CE26CBD405CF1349D5 /* DashboardViewModel.swift in Sources */ = {isa = PBXBuildFile; fileRef = 1038FCBB6F250860F4341D39 /* DashboardViewModel.swift */; };
		92768C459F0BB63A161AD6BF /* MediaItem.swift in Sources */ = {isa = PBXBuildFile; fileRef = 52675B656C5D16CF24F61999 /* MediaItem.swift */; };
		944401F7ACDC3ECB99506BA0 /* BurstPhotosView.swift in Sources */ = {isa = PBXBuildFile; fileRef = 0E0AD69A843FF08E74267D24 /* BurstPhotosView.swift */; };
		945CB893BD4B5E6BB12B07D0 /* InfoPlist.xcstrings in Resources */ = {isa = PBXBuildFile; fileRef = 36AF9E22CA3B926DA5510340 /* InfoPlist.xcstrings */; };
		951A357AD264AA36EA4A17B4 /* ShuffleMetaOverlay.swift in Sources */ = {isa = PBXBuildFile; fileRef = F2AF1CE1EAE79168E592ECFE /* ShuffleMetaOverlay.swift */; };
		9A0CB3BC234BF7B7F5BE7087 /* ProFeatureGate.swift in Sources */ = {isa = PBXBuildFile; fileRef = 4357D7A7CCFCE2506C657CA9 /* ProFeatureGate.swift */; };
		9A32F536E767F8CF2332934D /* TrashServiceMigrationTests.swift in Sources */ = {isa = PBXBuildFile; fileRef = 58FA2B4E355B3CB1FC1F6DD1 /* TrashServiceMigrationTests.swift */; };
		9E305A772196E6BE2C6EC62A /* ShuffleFeedView.swift in Sources */ = {isa = PBXBuildFile; fileRef = CC80D8FAA79E58578CC63748 /* ShuffleFeedView.swift */; };
		A2AE72818CB526E3801BEEA7 /* ReviewPromptManager.swift in Sources */ = {isa = PBXBuildFile; fileRef = 01B3DAB2CDA8AA28B4DB388D /* ReviewPromptManager.swift */; };
		A48D7A4421677E8445E0F022 /* TrashServiceFilterTests.swift in Sources */ = {isa = PBXBuildFile; fileRef = 7437DA87FFEAF2EB5E654BE7 /* TrashServiceFilterTests.swift */; };
		A6EFC8BE2ED9A9E69CADB997 /* NotesExportService.swift in Sources */ = {isa = PBXBuildFile; fileRef = 1A8F1256F58BBF87D2E2191C /* NotesExportService.swift */; };
		A85122252BE78DA9456760AB /* VideoListView.swift in Sources */ = {isa = PBXBuildFile; fileRef = 65D0EF955289F42624611D63 /* VideoListView.swift */; };
		AB62A0612AC2AEA0B990EC76 /* View+iPadAdaptive.swift in Sources */ = {isa = PBXBuildFile; fileRef = ED90E8A25CD3EEA84145F59D /* View+iPadAdaptive.swift */; };
		ADFF6F46B351B315ED5A3E34 /* OnboardingView.swift in Sources */ = {isa = PBXBuildFile; fileRef = 168632FBA643967FF8F4CBF7 /* OnboardingView.swift */; };
		B19A90C2AD2CEAA8A9CCE74F /* TrashService.swift in Sources */ = {isa = PBXBuildFile; fileRef = DEB1DA8A206EADB7C135B857 /* TrashService.swift */; };
		B804842A575B51E01E2B6054 /* QuickCleanViewModel.swift in Sources */ = {isa = PBXBuildFile; fileRef = F875F651E12872BBA0926BC2 /* QuickCleanViewModel.swift */; };
		BB4AC2657683670C98143D12 /* ReminderService.swift in Sources */ = {isa = PBXBuildFile; fileRef = D5400262DB6A4800E5054A6C /* ReminderService.swift */; };
		BE973DE375B029B479D6DD33 /* LargePhotosView.swift in Sources */ = {isa = PBXBuildFile; fileRef = A5C06A408C3515B4008DBC07 /* LargePhotosView.swift */; };
		C5E75A63F0B5F5C3BD6A60DD /* OCRService.swift in Sources */ = {isa = PBXBuildFile; fileRef = 3DA9D51AD7B82500381DEBD0 /* OCRService.swift */; };
		C9C27FD5645D4B7C40E2E9EB /* CleanupCoordinatorTests.swift in Sources */ = {isa = PBXBuildFile; fileRef = 842819C73550B214DBA1A282 /* CleanupCoordinatorTests.swift */; };
		CA7612A30C20BD5CD1D6109F /* AchievementView.swift in Sources */ = {isa = PBXBuildFile; fileRef = 0E6CBA6FC3564CD63C2226FC /* AchievementView.swift */; };
		CC2CF210EA3C91B5C9FDB43C /* ToastCenter.swift in Sources */ = {isa = PBXBuildFile; fileRef = 15BD62C9EFE2ED31279825F5 /* ToastCenter.swift */; };
		CC45EEAB72F9E5B3AD0A180F /* AchievementService.swift in Sources */ = {isa = PBXBuildFile; fileRef = 4D5EF719DE201681FFE2A94C /* AchievementService.swift */; };
		D2557DD37701D67559527A3E /* VideoCompressionService.swift in Sources */ = {isa = PBXBuildFile; fileRef = B179657B7267FF4E1C3F378A /* VideoCompressionService.swift */; };
		D3319AA220C30094E6FDF216 /* MediaGridView.swift in Sources */ = {isa = PBXBuildFile; fileRef = 763869D357F2A1DACB84C5B1 /* MediaGridView.swift */; };
		D67710FA6C38A90BAF700F29 /* CleanupGroupTests.swift in Sources */ = {isa = PBXBuildFile; fileRef = F66C686CC08437B0FA879091 /* CleanupGroupTests.swift */; };
		D9ADBDCCDC4E248F98CD3F04 /* ShuffleActionsOverlay.swift in Sources */ = {isa = PBXBuildFile; fileRef = 64D93C1D83F046E353CC7060 /* ShuffleActionsOverlay.swift */; };
		DAC098AD03DBF9DE9C9AABCE /* SettingsView.swift in Sources */ = {isa = PBXBuildFile; fileRef = 4BD14F16732ED358EF17A663 /* SettingsView.swift */; };
		DDFC5F8F07C4C9317BC11B5F /* StorageStats.swift in Sources */ = {isa = PBXBuildFile; fileRef = 95F92D35CEA648B795C7EEA9 /* StorageStats.swift */; };
		E0CA53F1D129ED8780A2471E /* AnalysisResultTests.swift in Sources */ = {isa = PBXBuildFile; fileRef = 29C3CCF983E19BEA4092DED4 /* AnalysisResultTests.swift */; };
		E1565F6132820483FFC642ED /* OverviewSection.swift in Sources */ = {isa = PBXBuildFile; fileRef = 84BDAB3C1B4C6B0EC7BE9439 /* OverviewSection.swift */; };
		E1D096E812A66BB0E204D4F0 /* AppServiceContainer.swift in Sources */ = {isa = PBXBuildFile; fileRef = 24672D7CA500AAB94EBCF201 /* AppServiceContainer.swift */; };
		E2F7967E65FF83987E10D854 /* AlbumSlimApp.swift in Sources */ = {isa = PBXBuildFile; fileRef = 2BB7E80821709C5E5BA55739 /* AlbumSlimApp.swift */; };
		E81B8E8330F6B29800CDDA7D /* EmptyState.swift in Sources */ = {isa = PBXBuildFile; fileRef = DA77F55E66376546A14787D1 /* EmptyState.swift */; };
		E81C68D979020D16FAF183B4 /* SubscriptionService.swift in Sources */ = {isa = PBXBuildFile; fileRef = C9EDE091273DB393B30083A7 /* SubscriptionService.swift */; };
		EB4890C9AFD51E9B367FFA8A /* StorageRingChart.swift in Sources */ = {isa = PBXBuildFile; fileRef = BB92C5EDCA0ED1CF98B73DEE /* StorageRingChart.swift */; };
		EC5113BBCBF64A21F93B2A68 /* AnalysisCacheService.swift in Sources */ = {isa = PBXBuildFile; fileRef = 3A4C5247F157094EEA132FFE /* AnalysisCacheService.swift */; };
		EEAEE6AC6A3C91A2AFD35C1A /* PaywallView.swift in Sources */ = {isa = PBXBuildFile; fileRef = AE5BF2FA03060550EA0A5DE9 /* PaywallView.swift */; };
		F3E8C4EF36C517F1C37B3ED5 /* ShareCardView.swift in Sources */ = {isa = PBXBuildFile; fileRef = 22F62567E139C4F423D2D0D5 /* ShareCardView.swift */; };
/* End PBXBuildFile section */

/* Begin PBXContainerItemProxy section */
		A30014727B5E9A36ADC28F68 /* PBXContainerItemProxy */ = {
			isa = PBXContainerItemProxy;
			containerPortal = BF3206C2F7FBD378D90066B6 /* Project object */;
			proxyType = 1;
			remoteGlobalIDString = 724A38DA7D96E8386DC54DAD;
			remoteInfo = AlbumSlim;
		};
/* End PBXContainerItemProxy section */

/* Begin PBXFileReference section */
		01B3DAB2CDA8AA28B4DB388D /* ReviewPromptManager.swift */ = {isa = PBXFileReference; lastKnownFileType = sourcecode.swift; path = ReviewPromptManager.swift; sourceTree = "<group>"; };
		04DE8BC8E1E1297F5C1AC339 /* Info.plist */ = {isa = PBXFileReference; lastKnownFileType = text.plist; path = Info.plist; sourceTree = "<group>"; };
		0799EE468F7982E834481E07 /* AIAnalysisEngine.swift */ = {isa = PBXFileReference; lastKnownFileType = sourcecode.swift; path = AIAnalysisEngine.swift; sourceTree = "<group>"; };
		0A1E21DFB256416C24692E40 /* MainTabView.swift */ = {isa = PBXFileReference; lastKnownFileType = sourcecode.swift; path = MainTabView.swift; sourceTree = "<group>"; };
		0C68C07709C3006187C872DA /* StorageAnalyzer.swift */ = {isa = PBXFileReference; lastKnownFileType = sourcecode.swift; path = StorageAnalyzer.swift; sourceTree = "<group>"; };
		0E0AD69A843FF08E74267D24 /* BurstPhotosView.swift */ = {isa = PBXFileReference; lastKnownFileType = sourcecode.swift; path = BurstPhotosView.swift; sourceTree = "<group>"; };
		0E6CBA6FC3564CD63C2226FC /* AchievementView.swift */ = {isa = PBXFileReference; lastKnownFileType = sourcecode.swift; path = AchievementView.swift; sourceTree = "<group>"; };
		1038FCBB6F250860F4341D39 /* DashboardViewModel.swift */ = {isa = PBXFileReference; lastKnownFileType = sourcecode.swift; path = DashboardViewModel.swift; sourceTree = "<group>"; };
		15BD62C9EFE2ED31279825F5 /* ToastCenter.swift */ = {isa = PBXFileReference; lastKnownFileType = sourcecode.swift; path = ToastCenter.swift; sourceTree = "<group>"; };
		168632FBA643967FF8F4CBF7 /* OnboardingView.swift */ = {isa = PBXFileReference; lastKnownFileType = sourcecode.swift; path = OnboardingView.swift; sourceTree = "<group>"; };
		1A8F1256F58BBF87D2E2191C /* NotesExportService.swift */ = {isa = PBXFileReference; lastKnownFileType = sourcecode.swift; path = NotesExportService.swift; sourceTree = "<group>"; };
		20FDBC784FC929F76EBBD5B0 /* ScreenshotViewModel.swift */ = {isa = PBXFileReference; lastKnownFileType = sourcecode.swift; path = ScreenshotViewModel.swift; sourceTree = "<group>"; };
		22F62567E139C4F423D2D0D5 /* ShareCardView.swift */ = {isa = PBXFileReference; lastKnownFileType = sourcecode.swift; path = ShareCardView.swift; sourceTree = "<group>"; };
		24672D7CA500AAB94EBCF201 /* AppServiceContainer.swift */ = {isa = PBXFileReference; lastKnownFileType = sourcecode.swift; path = AppServiceContainer.swift; sourceTree = "<group>"; };
		29C3CCF983E19BEA4092DED4 /* AnalysisResultTests.swift */ = {isa = PBXFileReference; lastKnownFileType = sourcecode.swift; path = AnalysisResultTests.swift; sourceTree = "<group>"; };
		2BB7E80821709C5E5BA55739 /* AlbumSlimApp.swift */ = {isa = PBXFileReference; lastKnownFileType = sourcecode.swift; path = AlbumSlimApp.swift; sourceTree = "<group>"; };
		2DEF85CBC76F96E545D1E97C /* CleanupGroup.swift */ = {isa = PBXFileReference; lastKnownFileType = sourcecode.swift; path = CleanupGroup.swift; sourceTree = "<group>"; };
		361DB7BF6430418A9AA876E2 /* Localizable.xcstrings */ = {isa = PBXFileReference; lastKnownFileType = text.json.xcstrings; path = Localizable.xcstrings; sourceTree = "<group>"; };
		368545C3C186E127DB89EC4C /* SavedNote.swift */ = {isa = PBXFileReference; lastKnownFileType = sourcecode.swift; path = SavedNote.swift; sourceTree = "<group>"; };
		36AF9E22CA3B926DA5510340 /* InfoPlist.xcstrings */ = {isa = PBXFileReference; lastKnownFileType = text.json.xcstrings; path = InfoPlist.xcstrings; sourceTree = "<group>"; };
		39C79998029C673603AD8781 /* DesignSystem.swift */ = {isa = PBXFileReference; lastKnownFileType = sourcecode.swift; path = DesignSystem.swift; sourceTree = "<group>"; };
		39ED70F86DE055F155159538 /* ScanProgress.swift */ = {isa = PBXFileReference; lastKnownFileType = sourcecode.swift; path = ScanProgress.swift; sourceTree = "<group>"; };
		3A4C5247F157094EEA132FFE /* AnalysisCacheService.swift */ = {isa = PBXFileReference; lastKnownFileType = sourcecode.swift; path = AnalysisCacheService.swift; sourceTree = "<group>"; };
		3DA9D51AD7B82500381DEBD0 /* OCRService.swift */ = {isa = PBXFileReference; lastKnownFileType = sourcecode.swift; path = OCRService.swift; sourceTree = "<group>"; };
		405D5FFCAFB7BF331FD314FA /* PrivacyInfo.xcprivacy */ = {isa = PBXFileReference; path = PrivacyInfo.xcprivacy; sourceTree = "<group>"; };
		40B5A45D3ACFA11C18388A01 /* PhotoCleanerViewModel.swift */ = {isa = PBXFileReference; lastKnownFileType = sourcecode.swift; path = PhotoCleanerViewModel.swift; sourceTree = "<group>"; };
		4288FF7BBA1B7B7100EE8E4A /* ScreenshotDetailView.swift */ = {isa = PBXFileReference; lastKnownFileType = sourcecode.swift; path = ScreenshotDetailView.swift; sourceTree = "<group>"; };
		434491C41AD68A00EFADE887 /* VideoManagerViewModel.swift */ = {isa = PBXFileReference; lastKnownFileType = sourcecode.swift; path = VideoManagerViewModel.swift; sourceTree = "<group>"; };
		4357D7A7CCFCE2506C657CA9 /* ProFeatureGate.swift */ = {isa = PBXFileReference; lastKnownFileType = sourcecode.swift; path = ProFeatureGate.swift; sourceTree = "<group>"; };
		44A2E63276E56A4BF20C022F /* ScreenshotListView.swift */ = {isa = PBXFileReference; lastKnownFileType = sourcecode.swift; path = ScreenshotListView.swift; sourceTree = "<group>"; };
		46EA595F874B2839E5BE9E34 /* Haptics.swift */ = {isa = PBXFileReference; lastKnownFileType = sourcecode.swift; path = Haptics.swift; sourceTree = "<group>"; };
		4BD14F16732ED358EF17A663 /* SettingsView.swift */ = {isa = PBXFileReference; lastKnownFileType = sourcecode.swift; path = SettingsView.swift; sourceTree = "<group>"; };
		4D5EF719DE201681FFE2A94C /* AchievementService.swift */ = {isa = PBXFileReference; lastKnownFileType = sourcecode.swift; path = AchievementService.swift; sourceTree = "<group>"; };
		52675B656C5D16CF24F61999 /* MediaItem.swift */ = {isa = PBXFileReference; lastKnownFileType = sourcecode.swift; path = MediaItem.swift; sourceTree = "<group>"; };
		52B155DB63764DE06B63F472 /* VideoAnalysisService.swift */ = {isa = PBXFileReference; lastKnownFileType = sourcecode.swift; path = VideoAnalysisService.swift; sourceTree = "<group>"; };
		541E8E6B837A9412B93A0E1F /* Products.storekit */ = {isa = PBXFileReference; path = Products.storekit; sourceTree = "<group>"; };
		5445A7BCBD0B7EBAEDC71079 /* ShuffleIndexQueue.swift */ = {isa = PBXFileReference; lastKnownFileType = sourcecode.swift; path = ShuffleIndexQueue.swift; sourceTree = "<group>"; };
		58FA2B4E355B3CB1FC1F6DD1 /* TrashServiceMigrationTests.swift */ = {isa = PBXFileReference; lastKnownFileType = sourcecode.swift; path = TrashServiceMigrationTests.swift; sourceTree = "<group>"; };
		608C15FF1F1A7F465DAAB78F /* ShuffleMediaPage.swift */ = {isa = PBXFileReference; lastKnownFileType = sourcecode.swift; path = ShuffleMediaPage.swift; sourceTree = "<group>"; };
		611ADBFEAFCB00D031ED1F62 /* CleanupCoordinator.swift */ = {isa = PBXFileReference; lastKnownFileType = sourcecode.swift; path = CleanupCoordinator.swift; sourceTree = "<group>"; };
		64D93C1D83F046E353CC7060 /* ShuffleActionsOverlay.swift */ = {isa = PBXFileReference; lastKnownFileType = sourcecode.swift; path = ShuffleActionsOverlay.swift; sourceTree = "<group>"; };
		65155C25BECD1776BF3DF2B2 /* AppIcons.swift */ = {isa = PBXFileReference; lastKnownFileType = sourcecode.swift; path = AppIcons.swift; sourceTree = "<group>"; };
		65D0EF955289F42624611D63 /* VideoListView.swift */ = {isa = PBXFileReference; lastKnownFileType = sourcecode.swift; path = VideoListView.swift; sourceTree = "<group>"; };
		6990E330ED5218EFDA2BD7E8 /* ShuffleItem.swift */ = {isa = PBXFileReference; lastKnownFileType = sourcecode.swift; path = ShuffleItem.swift; sourceTree = "<group>"; };
		6A801972BC9D199E85E0859B /* BackgroundTaskService.swift */ = {isa = PBXFileReference; lastKnownFileType = sourcecode.swift; path = BackgroundTaskService.swift; sourceTree = "<group>"; };
		6E312A77F0A4F5F78C41D6FC /* TrashView.swift */ = {isa = PBXFileReference; lastKnownFileType = sourcecode.swift; path = TrashView.swift; sourceTree = "<group>"; };
		7437DA87FFEAF2EB5E654BE7 /* TrashServiceFilterTests.swift */ = {isa = PBXFileReference; lastKnownFileType = sourcecode.swift; path = TrashServiceFilterTests.swift; sourceTree = "<group>"; };
		763869D357F2A1DACB84C5B1 /* MediaGridView.swift */ = {isa = PBXFileReference; lastKnownFileType = sourcecode.swift; path = MediaGridView.swift; sourceTree = "<group>"; };
		7FDACB976E6244E859C31A0C /* AnalysisResult.swift */ = {isa = PBXFileReference; lastKnownFileType = sourcecode.swift; path = AnalysisResult.swift; sourceTree = "<group>"; };
		842819C73550B214DBA1A282 /* CleanupCoordinatorTests.swift */ = {isa = PBXFileReference; lastKnownFileType = sourcecode.swift; path = CleanupCoordinatorTests.swift; sourceTree = "<group>"; };
		84BDAB3C1B4C6B0EC7BE9439 /* OverviewSection.swift */ = {isa = PBXFileReference; lastKnownFileType = sourcecode.swift; path = OverviewSection.swift; sourceTree = "<group>"; };
		87B67917D4C1A4514F567B07 /* AppToast.swift */ = {isa = PBXFileReference; lastKnownFileType = sourcecode.swift; path = AppToast.swift; sourceTree = "<group>"; };
		8847460DC0921674C0B20D47 /* VideoSuggestionsView.swift */ = {isa = PBXFileReference; lastKnownFileType = sourcecode.swift; path = VideoSuggestionsView.swift; sourceTree = "<group>"; };
		95F92D35CEA648B795C7EEA9 /* StorageStats.swift */ = {isa = PBXFileReference; lastKnownFileType = sourcecode.swift; path = StorageStats.swift; sourceTree = "<group>"; };
		9CFD894333B69341192564C9 /* AppConstants.swift */ = {isa = PBXFileReference; lastKnownFileType = sourcecode.swift; path = AppConstants.swift; sourceTree = "<group>"; };
		9E9E06B04C8F8E285C8F5985 /* SimilarPhotosView.swift */ = {isa = PBXFileReference; lastKnownFileType = sourcecode.swift; path = SimilarPhotosView.swift; sourceTree = "<group>"; };
		9EB1ACE83DDDB28F3A0A8687 /* BackdropAdapterService.swift */ = {isa = PBXFileReference; lastKnownFileType = sourcecode.swift; path = BackdropAdapterService.swift; sourceTree = "<group>"; };
		9F1447FDD9993E149FC4FDF3 /* SpaceSavedBanner.swift */ = {isa = PBXFileReference; lastKnownFileType = sourcecode.swift; path = SpaceSavedBanner.swift; sourceTree = "<group>"; };
		A188D7B80D61FA1E8F8C3532 /* PermissionManager.swift */ = {isa = PBXFileReference; lastKnownFileType = sourcecode.swift; path = PermissionManager.swift; sourceTree = "<group>"; };
		A325B8ABE796D258963E6968 /* PhotoLibraryService.swift */ = {isa = PBXFileReference; lastKnownFileType = sourcecode.swift; path = PhotoLibraryService.swift; sourceTree = "<group>"; };
		A5C06A408C3515B4008DBC07 /* LargePhotosView.swift */ = {isa = PBXFileReference; lastKnownFileType = sourcecode.swift; path = LargePhotosView.swift; sourceTree = "<group>"; };
		AC06BC66186D55E657980BD0 /* FileSize+Extensions.swift */ = {isa = PBXFileReference; lastKnownFileType = sourcecode.swift; path = "FileSize+Extensions.swift"; sourceTree = "<group>"; };
		AE5BF2FA03060550EA0A5DE9 /* PaywallView.swift */ = {isa = PBXFileReference; lastKnownFileType = sourcecode.swift; path = PaywallView.swift; sourceTree = "<group>"; };
		AE7CB5272F042217583FD9D2 /* ShareCardGenerator.swift */ = {isa = PBXFileReference; lastKnownFileType = sourcecode.swift; path = ShareCardGenerator.swift; sourceTree = "<group>"; };
		B0989E1312179B00D56119DA /* ShufflePhotoView.swift */ = {isa = PBXFileReference; lastKnownFileType = sourcecode.swift; path = ShufflePhotoView.swift; sourceTree = "<group>"; };
		B179657B7267FF4E1C3F378A /* VideoCompressionService.swift */ = {isa = PBXFileReference; lastKnownFileType = sourcecode.swift; path = VideoCompressionService.swift; sourceTree = "<group>"; };
		B1A38387ECA687ECFD947A68 /* SavedNotesView.swift */ = {isa = PBXFileReference; lastKnownFileType = sourcecode.swift; path = SavedNotesView.swift; sourceTree = "<group>"; };
		B294812E1280EBCE073C5BB2 /* AlbumSlim.app */ = {isa = PBXFileReference; includeInIndex = 0; lastKnownFileType = wrapper.application; path = AlbumSlim.app; sourceTree = BUILT_PRODUCTS_DIR; };
		B2EF62402EE90693BB3FACE4 /* ShuffleDetailSheet.swift */ = {isa = PBXFileReference; lastKnownFileType = sourcecode.swift; path = ShuffleDetailSheet.swift; sourceTree = "<group>"; };
		B3159A367BD548864D9B8A3E /* ImageSimilarityService.swift */ = {isa = PBXFileReference; lastKnownFileType = sourcecode.swift; path = ImageSimilarityService.swift; sourceTree = "<group>"; };
		B449A6EA8783D0129574825D /* VideoCompressView.swift */ = {isa = PBXFileReference; lastKnownFileType = sourcecode.swift; path = VideoCompressView.swift; sourceTree = "<group>"; };
		BB92C5EDCA0ED1CF98B73DEE /* StorageRingChart.swift */ = {isa = PBXFileReference; lastKnownFileType = sourcecode.swift; path = StorageRingChart.swift; sourceTree = "<group>"; };
		BC45FDA55EE92C74859F6675 /* AlbumSlimTests.xctest */ = {isa = PBXFileReference; includeInIndex = 0; lastKnownFileType = wrapper.cfbundle; path = AlbumSlimTests.xctest; sourceTree = BUILT_PRODUCTS_DIR; };
		BCB4AECDC1D9377F26592DB8 /* ZoomableImageView.swift */ = {isa = PBXFileReference; lastKnownFileType = sourcecode.swift; path = ZoomableImageView.swift; sourceTree = "<group>"; };
		BDF24C9744911F66F22CB207 /* ShuffleLivePhotoView.swift */ = {isa = PBXFileReference; lastKnownFileType = sourcecode.swift; path = ShuffleLivePhotoView.swift; sourceTree = "<group>"; };
		BE1EEB2CB6CA8B0B08B5BBE9 /* ShuffleFeedViewModel.swift */ = {isa = PBXFileReference; lastKnownFileType = sourcecode.swift; path = ShuffleFeedViewModel.swift; sourceTree = "<group>"; };
		BE228671C56E56DAFABDDA9A /* AlbumSlim.entitlements */ = {isa = PBXFileReference; lastKnownFileType = text.plist.entitlements; path = AlbumSlim.entitlements; sourceTree = "<group>"; };
		C18622997683AFA6E27D52EB /* Assets.xcassets */ = {isa = PBXFileReference; lastKnownFileType = folder.assetcatalog; path = Assets.xcassets; sourceTree = "<group>"; };
		C9EDE091273DB393B30083A7 /* SubscriptionService.swift */ = {isa = PBXFileReference; lastKnownFileType = sourcecode.swift; path = SubscriptionService.swift; sourceTree = "<group>"; };
		CC80D8FAA79E58578CC63748 /* ShuffleFeedView.swift */ = {isa = PBXFileReference; lastKnownFileType = sourcecode.swift; path = ShuffleFeedView.swift; sourceTree = "<group>"; };
		CE4C9A30E92923E3798F1D22 /* AppStrings.swift */ = {isa = PBXFileReference; lastKnownFileType = sourcecode.swift; path = AppStrings.swift; sourceTree = "<group>"; };
		CEAFBC976F45C172EF02CA47 /* WastePhotosView.swift */ = {isa = PBXFileReference; lastKnownFileType = sourcecode.swift; path = WastePhotosView.swift; sourceTree = "<group>"; };
		CF6AC8C03515DB0C1F65C748 /* LoadingState.swift */ = {isa = PBXFileReference; lastKnownFileType = sourcecode.swift; path = LoadingState.swift; sourceTree = "<group>"; };
		D51B791FBB73A7995FF9DB90 /* StorageStatsTests.swift */ = {isa = PBXFileReference; lastKnownFileType = sourcecode.swift; path = StorageStatsTests.swift; sourceTree = "<group>"; };
		D5400262DB6A4800E5054A6C /* ReminderService.swift */ = {isa = PBXFileReference; lastKnownFileType = sourcecode.swift; path = ReminderService.swift; sourceTree = "<group>"; };
		DA77F55E66376546A14787D1 /* EmptyState.swift */ = {isa = PBXFileReference; lastKnownFileType = sourcecode.swift; path = EmptyState.swift; sourceTree = "<group>"; };
		DEB1DA8A206EADB7C135B857 /* TrashService.swift */ = {isa = PBXFileReference; lastKnownFileType = sourcecode.swift; path = TrashService.swift; sourceTree = "<group>"; };
		EA2B04B956CF16DA0FD62C1D /* QuickCleanView.swift */ = {isa = PBXFileReference; lastKnownFileType = sourcecode.swift; path = QuickCleanView.swift; sourceTree = "<group>"; };
		EBD414750361F90610134685 /* ShuffleVideoView.swift */ = {isa = PBXFileReference; lastKnownFileType = sourcecode.swift; path = ShuffleVideoView.swift; sourceTree = "<group>"; };
		ED90E8A25CD3EEA84145F59D /* View+iPadAdaptive.swift */ = {isa = PBXFileReference; lastKnownFileType = sourcecode.swift; path = "View+iPadAdaptive.swift"; sourceTree = "<group>"; };
		F2AF1CE1EAE79168E592ECFE /* ShuffleMetaOverlay.swift */ = {isa = PBXFileReference; lastKnownFileType = sourcecode.swift; path = ShuffleMetaOverlay.swift; sourceTree = "<group>"; };
		F3F4D5EA9C44BEB4839F9C33 /* LocationNameService.swift */ = {isa = PBXFileReference; lastKnownFileType = sourcecode.swift; path = LocationNameService.swift; sourceTree = "<group>"; };
		F66C686CC08437B0FA879091 /* CleanupGroupTests.swift */ = {isa = PBXFileReference; lastKnownFileType = sourcecode.swift; path = CleanupGroupTests.swift; sourceTree = "<group>"; };
		F875F651E12872BBA0926BC2 /* QuickCleanViewModel.swift */ = {isa = PBXFileReference; lastKnownFileType = sourcecode.swift; path = QuickCleanViewModel.swift; sourceTree = "<group>"; };
		FBC5D320592C9766E00115AB /* AsyncSemaphore.swift */ = {isa = PBXFileReference; lastKnownFileType = sourcecode.swift; path = AsyncSemaphore.swift; sourceTree = "<group>"; };
		FDE1F473ECFBC7D1694FE000 /* ButtonStyles.swift */ = {isa = PBXFileReference; lastKnownFileType = sourcecode.swift; path = ButtonStyles.swift; sourceTree = "<group>"; };
/* End PBXFileReference section */

/* Begin PBXGroup section */
		00F181399CC532FEABF8D283 = {
			isa = PBXGroup;
			children = (
				DB83B4D60CEF3183B2E68DCF /* AlbumSlim */,
				F54EF5E566FA05BF39045414 /* AlbumSlimTests */,
				B25B1BB363A1EB9EFB255A1D /* Products */,
			);
			sourceTree = "<group>";
		};
		1974658706BDF277063D2EF9 /* Services */ = {
			isa = PBXGroup;
			children = (
				4D5EF719DE201681FFE2A94C /* AchievementService.swift */,
				0799EE468F7982E834481E07 /* AIAnalysisEngine.swift */,
				3A4C5247F157094EEA132FFE /* AnalysisCacheService.swift */,
				9EB1ACE83DDDB28F3A0A8687 /* BackdropAdapterService.swift */,
				6A801972BC9D199E85E0859B /* BackgroundTaskService.swift */,
				611ADBFEAFCB00D031ED1F62 /* CleanupCoordinator.swift */,
				B3159A367BD548864D9B8A3E /* ImageSimilarityService.swift */,
				F3F4D5EA9C44BEB4839F9C33 /* LocationNameService.swift */,
				1A8F1256F58BBF87D2E2191C /* NotesExportService.swift */,
				3DA9D51AD7B82500381DEBD0 /* OCRService.swift */,
				A325B8ABE796D258963E6968 /* PhotoLibraryService.swift */,
				D5400262DB6A4800E5054A6C /* ReminderService.swift */,
				0C68C07709C3006187C872DA /* StorageAnalyzer.swift */,
				C9EDE091273DB393B30083A7 /* SubscriptionService.swift */,
				15BD62C9EFE2ED31279825F5 /* ToastCenter.swift */,
				DEB1DA8A206EADB7C135B857 /* TrashService.swift */,
				52B155DB63764DE06B63F472 /* VideoAnalysisService.swift */,
				B179657B7267FF4E1C3F378A /* VideoCompressionService.swift */,
			);
			path = Services;
			sourceTree = "<group>";
		};
		35C167737FE4478B845F56A1 /* App */ = {
			isa = PBXGroup;
			children = (
				2BB7E80821709C5E5BA55739 /* AlbumSlimApp.swift */,
				9CFD894333B69341192564C9 /* AppConstants.swift */,
				24672D7CA500AAB94EBCF201 /* AppServiceContainer.swift */,
			);
			path = App;
			sourceTree = "<group>";
		};
		6D8521962E8C8A48FCA8939E /* Photo */ = {
			isa = PBXGroup;
			children = (
				0E0AD69A843FF08E74267D24 /* BurstPhotosView.swift */,
				A5C06A408C3515B4008DBC07 /* LargePhotosView.swift */,
				9E9E06B04C8F8E285C8F5985 /* SimilarPhotosView.swift */,
				CEAFBC976F45C172EF02CA47 /* WastePhotosView.swift */,
			);
			path = Photo;
			sourceTree = "<group>";
		};
		81FC263907030A06D331D3BD /* Onboarding */ = {
			isa = PBXGroup;
			children = (
				168632FBA643967FF8F4CBF7 /* OnboardingView.swift */,
			);
			path = Onboarding;
			sourceTree = "<group>";
		};
		85F85269B3771362CA25480D /* ViewModels */ = {
			isa = PBXGroup;
			children = (
				1038FCBB6F250860F4341D39 /* DashboardViewModel.swift */,
				40B5A45D3ACFA11C18388A01 /* PhotoCleanerViewModel.swift */,
				F875F651E12872BBA0926BC2 /* QuickCleanViewModel.swift */,
				20FDBC784FC929F76EBBD5B0 /* ScreenshotViewModel.swift */,
				BE1EEB2CB6CA8B0B08B5BBE9 /* ShuffleFeedViewModel.swift */,
				434491C41AD68A00EFADE887 /* VideoManagerViewModel.swift */,
			);
			path = ViewModels;
			sourceTree = "<group>";
		};
		8CFFC810A930AE7919A15099 /* Dashboard */ = {
			isa = PBXGroup;
			children = (
				EA2B04B956CF16DA0FD62C1D /* QuickCleanView.swift */,
				BB92C5EDCA0ED1CF98B73DEE /* StorageRingChart.swift */,
			);
			path = Dashboard;
			sourceTree = "<group>";
		};
		91A537543DFB6BFDE519BB01 /* Settings */ = {
			isa = PBXGroup;
			children = (
				0E6CBA6FC3564CD63C2226FC /* AchievementView.swift */,
				84BDAB3C1B4C6B0EC7BE9439 /* OverviewSection.swift */,
				AE5BF2FA03060550EA0A5DE9 /* PaywallView.swift */,
				4BD14F16732ED358EF17A663 /* SettingsView.swift */,
			);
			path = Settings;
			sourceTree = "<group>";
		};
		96E704652546DB87077DFD25 /* Screenshot */ = {
			isa = PBXGroup;
			children = (
				B1A38387ECA687ECFD947A68 /* SavedNotesView.swift */,
				4288FF7BBA1B7B7100EE8E4A /* ScreenshotDetailView.swift */,
				44A2E63276E56A4BF20C022F /* ScreenshotListView.swift */,
				6E312A77F0A4F5F78C41D6FC /* TrashView.swift */,
			);
			path = Screenshot;
			sourceTree = "<group>";
		};
		9AE96A05F620A89D9A82AF05 /* Shuffle */ = {
			isa = PBXGroup;
			children = (
				64D93C1D83F046E353CC7060 /* ShuffleActionsOverlay.swift */,
				B2EF62402EE90693BB3FACE4 /* ShuffleDetailSheet.swift */,
				CC80D8FAA79E58578CC63748 /* ShuffleFeedView.swift */,
				BDF24C9744911F66F22CB207 /* ShuffleLivePhotoView.swift */,
				608C15FF1F1A7F465DAAB78F /* ShuffleMediaPage.swift */,
				F2AF1CE1EAE79168E592ECFE /* ShuffleMetaOverlay.swift */,
				B0989E1312179B00D56119DA /* ShufflePhotoView.swift */,
				EBD414750361F90610134685 /* ShuffleVideoView.swift */,
			);
			path = Shuffle;
			sourceTree = "<group>";
		};
		9D9800ADD824E9DD8C445537 /* Views */ = {
			isa = PBXGroup;
			children = (
				0A1E21DFB256416C24692E40 /* MainTabView.swift */,
				D355C329E2C0C5C23255F76F /* Common */,
				8CFFC810A930AE7919A15099 /* Dashboard */,
				81FC263907030A06D331D3BD /* Onboarding */,
				6D8521962E8C8A48FCA8939E /* Photo */,
				96E704652546DB87077DFD25 /* Screenshot */,
				91A537543DFB6BFDE519BB01 /* Settings */,
				9AE96A05F620A89D9A82AF05 /* Shuffle */,
				EEF406AC09CAE0571D496A8F /* Video */,
			);
			path = Views;
			sourceTree = "<group>";
		};
		B25B1BB363A1EB9EFB255A1D /* Products */ = {
			isa = PBXGroup;
			children = (
				B294812E1280EBCE073C5BB2 /* AlbumSlim.app */,
				BC45FDA55EE92C74859F6675 /* AlbumSlimTests.xctest */,
			);
			name = Products;
			sourceTree = "<group>";
		};
		BC4DF4D1C46323FAC48058CE /* Resources */ = {
			isa = PBXGroup;
			children = (
				C18622997683AFA6E27D52EB /* Assets.xcassets */,
				541E8E6B837A9412B93A0E1F /* Products.storekit */,
			);
			path = Resources;
			sourceTree = "<group>";
		};
		D355C329E2C0C5C23255F76F /* Common */ = {
			isa = PBXGroup;
			children = (
				87B67917D4C1A4514F567B07 /* AppToast.swift */,
				DA77F55E66376546A14787D1 /* EmptyState.swift */,
				CF6AC8C03515DB0C1F65C748 /* LoadingState.swift */,
				763869D357F2A1DACB84C5B1 /* MediaGridView.swift */,
				22F62567E139C4F423D2D0D5 /* ShareCardView.swift */,
				9F1447FDD9993E149FC4FDF3 /* SpaceSavedBanner.swift */,
				BCB4AECDC1D9377F26592DB8 /* ZoomableImageView.swift */,
			);
			path = Common;
			sourceTree = "<group>";
		};
		D93E5225B72811963B1A98D4 /* Utils */ = {
			isa = PBXGroup;
			children = (
				65155C25BECD1776BF3DF2B2 /* AppIcons.swift */,
				CE4C9A30E92923E3798F1D22 /* AppStrings.swift */,
				FBC5D320592C9766E00115AB /* AsyncSemaphore.swift */,
				FDE1F473ECFBC7D1694FE000 /* ButtonStyles.swift */,
				39C79998029C673603AD8781 /* DesignSystem.swift */,
				AC06BC66186D55E657980BD0 /* FileSize+Extensions.swift */,
				46EA595F874B2839E5BE9E34 /* Haptics.swift */,
				A188D7B80D61FA1E8F8C3532 /* PermissionManager.swift */,
				4357D7A7CCFCE2506C657CA9 /* ProFeatureGate.swift */,
				01B3DAB2CDA8AA28B4DB388D /* ReviewPromptManager.swift */,
				AE7CB5272F042217583FD9D2 /* ShareCardGenerator.swift */,
				5445A7BCBD0B7EBAEDC71079 /* ShuffleIndexQueue.swift */,
				ED90E8A25CD3EEA84145F59D /* View+iPadAdaptive.swift */,
			);
			path = Utils;
			sourceTree = "<group>";
		};
		DB83B4D60CEF3183B2E68DCF /* AlbumSlim */ = {
			isa = PBXGroup;
			children = (
				BE228671C56E56DAFABDDA9A /* AlbumSlim.entitlements */,
				04DE8BC8E1E1297F5C1AC339 /* Info.plist */,
				36AF9E22CA3B926DA5510340 /* InfoPlist.xcstrings */,
				361DB7BF6430418A9AA876E2 /* Localizable.xcstrings */,
				405D5FFCAFB7BF331FD314FA /* PrivacyInfo.xcprivacy */,
				35C167737FE4478B845F56A1 /* App */,
				DED92166469AC80057A224D4 /* Models */,
				BC4DF4D1C46323FAC48058CE /* Resources */,
				1974658706BDF277063D2EF9 /* Services */,
				D93E5225B72811963B1A98D4 /* Utils */,
				85F85269B3771362CA25480D /* ViewModels */,
				9D9800ADD824E9DD8C445537 /* Views */,
			);
			path = AlbumSlim;
			sourceTree = "<group>";
		};
		DED92166469AC80057A224D4 /* Models */ = {
			isa = PBXGroup;
			children = (
				7FDACB976E6244E859C31A0C /* AnalysisResult.swift */,
				2DEF85CBC76F96E545D1E97C /* CleanupGroup.swift */,
				52675B656C5D16CF24F61999 /* MediaItem.swift */,
				368545C3C186E127DB89EC4C /* SavedNote.swift */,
				39ED70F86DE055F155159538 /* ScanProgress.swift */,
				6990E330ED5218EFDA2BD7E8 /* ShuffleItem.swift */,
				95F92D35CEA648B795C7EEA9 /* StorageStats.swift */,
			);
			path = Models;
			sourceTree = "<group>";
		};
		EEF406AC09CAE0571D496A8F /* Video */ = {
			isa = PBXGroup;
			children = (
				B449A6EA8783D0129574825D /* VideoCompressView.swift */,
				65D0EF955289F42624611D63 /* VideoListView.swift */,
				8847460DC0921674C0B20D47 /* VideoSuggestionsView.swift */,
			);
			path = Video;
			sourceTree = "<group>";
		};
		F54EF5E566FA05BF39045414 /* AlbumSlimTests */ = {
			isa = PBXGroup;
			children = (
				29C3CCF983E19BEA4092DED4 /* AnalysisResultTests.swift */,
				842819C73550B214DBA1A282 /* CleanupCoordinatorTests.swift */,
				F66C686CC08437B0FA879091 /* CleanupGroupTests.swift */,
				D51B791FBB73A7995FF9DB90 /* StorageStatsTests.swift */,
				7437DA87FFEAF2EB5E654BE7 /* TrashServiceFilterTests.swift */,
				58FA2B4E355B3CB1FC1F6DD1 /* TrashServiceMigrationTests.swift */,
			);
			path = AlbumSlimTests;
			sourceTree = "<group>";
		};
/* End PBXGroup section */

/* Begin PBXNativeTarget section */
		1A8EFA73A8D862E8CCEA666E /* AlbumSlimTests */ = {
			isa = PBXNativeTarget;
			buildConfigurationList = 5A8542A8A898BCE451BAA297 /* Build configuration list for PBXNativeTarget "AlbumSlimTests" */;
			buildPhases = (
				303C2C02DD44BF9C60DA1D66 /* Sources */,
			);
			buildRules = (
			);
			dependencies = (
				E0CD23D86E08F8F7F6CB862D /* PBXTargetDependency */,
			);
			name = AlbumSlimTests;
			packageProductDependencies = (
			);
			productName = AlbumSlimTests;
			productReference = BC45FDA55EE92C74859F6675 /* AlbumSlimTests.xctest */;
			productType = "com.apple.product-type.bundle.unit-test";
		};
		724A38DA7D96E8386DC54DAD /* AlbumSlim */ = {
			isa = PBXNativeTarget;
			buildConfigurationList = 5061FF43D901444737E7681F /* Build configuration list for PBXNativeTarget "AlbumSlim" */;
			buildPhases = (
				FBE43EB7456459DA471B370E /* Sources */,
				BAD6436D765BB72D1E60EAE3 /* Resources */,
			);
			buildRules = (
			);
			dependencies = (
			);
			name = AlbumSlim;
			packageProductDependencies = (
			);
			productName = AlbumSlim;
			productReference = B294812E1280EBCE073C5BB2 /* AlbumSlim.app */;
			productType = "com.apple.product-type.application";
		};
/* End PBXNativeTarget section */

/* Begin PBXProject section */
		BF3206C2F7FBD378D90066B6 /* Project object */ = {
			isa = PBXProject;
			attributes = {
				BuildIndependentTargetsInParallel = YES;
				LastUpgradeCheck = 1600;
				TargetAttributes = {
					1A8EFA73A8D862E8CCEA666E = {
						DevelopmentTeam = 74H37MDT83;
						ProvisioningStyle = Automatic;
					};
					724A38DA7D96E8386DC54DAD = {
						DevelopmentTeam = 74H37MDT83;
						ProvisioningStyle = Automatic;
					};
				};
			};
			buildConfigurationList = 82C5E656C1C1408032AAEF87 /* Build configuration list for PBXProject "AlbumSlim" */;
			developmentRegion = "zh-Hans";
			hasScannedForEncodings = 0;
			knownRegions = (
				Base,
				en,
				"zh-Hans",
			);
			mainGroup = 00F181399CC532FEABF8D283;
			minimizedProjectReferenceProxies = 1;
			preferredProjectObjectVersion = 77;
			productRefGroup = B25B1BB363A1EB9EFB255A1D /* Products */;
			projectDirPath = "";
			projectRoot = "";
			targets = (
				724A38DA7D96E8386DC54DAD /* AlbumSlim */,
				1A8EFA73A8D862E8CCEA666E /* AlbumSlimTests */,
			);
		};
/* End PBXProject section */

/* Begin PBXResourcesBuildPhase section */
		BAD6436D765BB72D1E60EAE3 /* Resources */ = {
			isa = PBXResourcesBuildPhase;
			buildActionMask = 2147483647;
			files = (
				5D79876DACD3A748F25E4D88 /* Assets.xcassets in Resources */,
				945CB893BD4B5E6BB12B07D0 /* InfoPlist.xcstrings in Resources */,
				0479097D63DDCB01B34278C5 /* Localizable.xcstrings in Resources */,
				566181684A8A88DF8FA88FCB /* PrivacyInfo.xcprivacy in Resources */,
				09583EA9E3261721BE8AC95F /* Products.storekit in Resources */,
			);
			runOnlyForDeploymentPostprocessing = 0;
		};
/* End PBXResourcesBuildPhase section */

/* Begin PBXSourcesBuildPhase section */
		303C2C02DD44BF9C60DA1D66 /* Sources */ = {
			isa = PBXSourcesBuildPhase;
			buildActionMask = 2147483647;
			files = (
				E0CA53F1D129ED8780A2471E /* AnalysisResultTests.swift in Sources */,
				C9C27FD5645D4B7C40E2E9EB /* CleanupCoordinatorTests.swift in Sources */,
				D67710FA6C38A90BAF700F29 /* CleanupGroupTests.swift in Sources */,
				37C4A351FF5CF3B2FCE34947 /* StorageStatsTests.swift in Sources */,
				A48D7A4421677E8445E0F022 /* TrashServiceFilterTests.swift in Sources */,
				9A32F536E767F8CF2332934D /* TrashServiceMigrationTests.swift in Sources */,
			);
			runOnlyForDeploymentPostprocessing = 0;
		};
		FBE43EB7456459DA471B370E /* Sources */ = {
			isa = PBXSourcesBuildPhase;
			buildActionMask = 2147483647;
			files = (
				56EA2C0BCA6F971D42ECB3E7 /* AIAnalysisEngine.swift in Sources */,
				CC45EEAB72F9E5B3AD0A180F /* AchievementService.swift in Sources */,
				CA7612A30C20BD5CD1D6109F /* AchievementView.swift in Sources */,
				E2F7967E65FF83987E10D854 /* AlbumSlimApp.swift in Sources */,
				EC5113BBCBF64A21F93B2A68 /* AnalysisCacheService.swift in Sources */,
				420AF12F2DDE34EBE4457032 /* AnalysisResult.swift in Sources */,
				4C87053F591C6238F0C9BF53 /* AppConstants.swift in Sources */,
				481C650F2A3CB43F596D400A /* AppIcons.swift in Sources */,
				E1D096E812A66BB0E204D4F0 /* AppServiceContainer.swift in Sources */,
				4EDE1F7536A522906B9EC41F /* AppStrings.swift in Sources */,
				5D30D90A1CDDE4F5AE10C872 /* AppToast.swift in Sources */,
				8BC25CC4AFAF157AFBE51FC4 /* AsyncSemaphore.swift in Sources */,
				7815414F58962420E43D24FB /* BackdropAdapterService.swift in Sources */,
				2173567B7E7488FF05586BC7 /* BackgroundTaskService.swift in Sources */,
				944401F7ACDC3ECB99506BA0 /* BurstPhotosView.swift in Sources */,
				2806151EC3D9C9486983121E /* ButtonStyles.swift in Sources */,
				4309BBAC59F7F63F23C70E30 /* CleanupCoordinator.swift in Sources */,
				31D9B669AE9A1EDBE6608626 /* CleanupGroup.swift in Sources */,
				8D0A66CE26CBD405CF1349D5 /* DashboardViewModel.swift in Sources */,
				23F65CC84308DAA86A1EC3CB /* DesignSystem.swift in Sources */,
				E81B8E8330F6B29800CDDA7D /* EmptyState.swift in Sources */,
				5539B6879DC638794A2BB97C /* FileSize+Extensions.swift in Sources */,
				7E607D61B0355F6526A968E3 /* Haptics.swift in Sources */,
				89A400351EC88097E87D1E24 /* ImageSimilarityService.swift in Sources */,
				BE973DE375B029B479D6DD33 /* LargePhotosView.swift in Sources */,
				2A5E0458DEF0925852005586 /* LoadingState.swift in Sources */,
				5B19020F1AB2BF52FBA0C63A /* LocationNameService.swift in Sources */,
				766627A223FA0E96014040DA /* MainTabView.swift in Sources */,
				D3319AA220C30094E6FDF216 /* MediaGridView.swift in Sources */,
				92768C459F0BB63A161AD6BF /* MediaItem.swift in Sources */,
				A6EFC8BE2ED9A9E69CADB997 /* NotesExportService.swift in Sources */,
				C5E75A63F0B5F5C3BD6A60DD /* OCRService.swift in Sources */,
				ADFF6F46B351B315ED5A3E34 /* OnboardingView.swift in Sources */,
				E1565F6132820483FFC642ED /* OverviewSection.swift in Sources */,
				EEAEE6AC6A3C91A2AFD35C1A /* PaywallView.swift in Sources */,
				3C94A114BD565F50420B0C4E /* PermissionManager.swift in Sources */,
				3608F5A7335BC941F63F606A /* PhotoCleanerViewModel.swift in Sources */,
				3C19F4830C629B1BA2640E9F /* PhotoLibraryService.swift in Sources */,
				9A0CB3BC234BF7B7F5BE7087 /* ProFeatureGate.swift in Sources */,
				3B3E2916278A6DFD6264A7A8 /* QuickCleanView.swift in Sources */,
				B804842A575B51E01E2B6054 /* QuickCleanViewModel.swift in Sources */,
				BB4AC2657683670C98143D12 /* ReminderService.swift in Sources */,
				A2AE72818CB526E3801BEEA7 /* ReviewPromptManager.swift in Sources */,
				1C70BECB044BC8F97D87FC64 /* SavedNote.swift in Sources */,
				21548605D409C5712F8A4B8F /* SavedNotesView.swift in Sources */,
				4C78296DE76E4DBBC3A8EE0E /* ScanProgress.swift in Sources */,
				7085EFA2D9B462C8C36222BD /* ScreenshotDetailView.swift in Sources */,
				147BD6073E1E4C36B0447881 /* ScreenshotListView.swift in Sources */,
				5DF3D753A5208FA7A48A5793 /* ScreenshotViewModel.swift in Sources */,
				DAC098AD03DBF9DE9C9AABCE /* SettingsView.swift in Sources */,
				8542C412311A958DF71A74CC /* ShareCardGenerator.swift in Sources */,
				F3E8C4EF36C517F1C37B3ED5 /* ShareCardView.swift in Sources */,
				D9ADBDCCDC4E248F98CD3F04 /* ShuffleActionsOverlay.swift in Sources */,
				41208AE104B17B6732EEE16C /* ShuffleDetailSheet.swift in Sources */,
				9E305A772196E6BE2C6EC62A /* ShuffleFeedView.swift in Sources */,
				3DCFE0F6F8D1469DF2270390 /* ShuffleFeedViewModel.swift in Sources */,
				83BBD1C855F181B0A0D10052 /* ShuffleIndexQueue.swift in Sources */,
				56C7A12C847D784172386340 /* ShuffleItem.swift in Sources */,
				8C2B5DC4B2A5F8490EE67D22 /* ShuffleLivePhotoView.swift in Sources */,
				2CFD18909761C319E59BFBFD /* ShuffleMediaPage.swift in Sources */,
				951A357AD264AA36EA4A17B4 /* ShuffleMetaOverlay.swift in Sources */,
				4F3A699DEEDB9337DCAAB7F3 /* ShufflePhotoView.swift in Sources */,
				12047E67A32897DDC29462B9 /* ShuffleVideoView.swift in Sources */,
				2AA0C1E732FA859ECA427DA0 /* SimilarPhotosView.swift in Sources */,
				1EE04521FED290D0C07FE6DB /* SpaceSavedBanner.swift in Sources */,
				7A305B0E693186A4A475A3F9 /* StorageAnalyzer.swift in Sources */,
				EB4890C9AFD51E9B367FFA8A /* StorageRingChart.swift in Sources */,
				DDFC5F8F07C4C9317BC11B5F /* StorageStats.swift in Sources */,
				E81C68D979020D16FAF183B4 /* SubscriptionService.swift in Sources */,
				CC2CF210EA3C91B5C9FDB43C /* ToastCenter.swift in Sources */,
				B19A90C2AD2CEAA8A9CCE74F /* TrashService.swift in Sources */,
				4A1CD9FAEE90BD47CCFF1530 /* TrashView.swift in Sources */,
				3FAFF41916DD14E752C2366C /* VideoAnalysisService.swift in Sources */,
				412B67359A45D3B0B4A36A58 /* VideoCompressView.swift in Sources */,
				D2557DD37701D67559527A3E /* VideoCompressionService.swift in Sources */,
				A85122252BE78DA9456760AB /* VideoListView.swift in Sources */,
				0ED444FD32F3FDD30A9E4900 /* VideoManagerViewModel.swift in Sources */,
				8C38F32847A001562187A646 /* VideoSuggestionsView.swift in Sources */,
				AB62A0612AC2AEA0B990EC76 /* View+iPadAdaptive.swift in Sources */,
				0EEB4E217CE348DC5B8E6FE0 /* WastePhotosView.swift in Sources */,
				5A3F3A5A6BB429D2771B2229 /* ZoomableImageView.swift in Sources */,
			);
			runOnlyForDeploymentPostprocessing = 0;
		};
/* End PBXSourcesBuildPhase section */

/* Begin PBXTargetDependency section */
		E0CD23D86E08F8F7F6CB862D /* PBXTargetDependency */ = {
			isa = PBXTargetDependency;
			target = 724A38DA7D96E8386DC54DAD /* AlbumSlim */;
			targetProxy = A30014727B5E9A36ADC28F68 /* PBXContainerItemProxy */;
		};
/* End PBXTargetDependency section */

/* Begin XCBuildConfiguration section */
		1934D23BAA483990FD92E96E /* Debug */ = {
			isa = XCBuildConfiguration;
			buildSettings = {
				ASSETCATALOG_COMPILER_APPICON_NAME = AppIcon;
				ASSETCATALOG_COMPILER_GLOBAL_ACCENT_COLOR_NAME = AccentColor;
				CODE_SIGN_ENTITLEMENTS = AlbumSlim/AlbumSlim.entitlements;
				CODE_SIGN_IDENTITY = "iPhone Developer";
				CODE_SIGN_STYLE = Automatic;
				GENERATE_INFOPLIST_FILE = YES;
				INFOPLIST_FILE = AlbumSlim/Info.plist;
				INFOPLIST_GENERATION_MODE = GeneratedFile;
				INFOPLIST_KEY_CFBundleDisplayName = "闪图";
				INFOPLIST_KEY_LSApplicationCategoryType = "public.app-category.utilities";
				INFOPLIST_KEY_NSPhotoLibraryAddUsageDescription = "闪图需要保存压缩后的视频到您的照片库。";
				INFOPLIST_KEY_NSPhotoLibraryUsageDescription = "闪图需要访问您的照片库来分析和管理照片视频，所有处理均在本地完成。";
				INFOPLIST_KEY_UILaunchScreen_Generation = YES;
				LD_RUNPATH_SEARCH_PATHS = (
					"$(inherited)",
					"@executable_path/Frameworks",
				);
				PRODUCT_BUNDLE_IDENTIFIER = com.hao.doushan;
				SDKROOT = iphoneos;
				TARGETED_DEVICE_FAMILY = "1,2";
			};
			name = Debug;
		};
		2725CFB557C3F6E28500D97A /* Release */ = {
			isa = XCBuildConfiguration;
			buildSettings = {
				ALWAYS_SEARCH_USER_PATHS = NO;
				CLANG_ANALYZER_NONNULL = YES;
				CLANG_ANALYZER_NUMBER_OBJECT_CONVERSION = YES_AGGRESSIVE;
				CLANG_CXX_LANGUAGE_STANDARD = "gnu++14";
				CLANG_CXX_LIBRARY = "libc++";
				CLANG_ENABLE_MODULES = YES;
				CLANG_ENABLE_OBJC_ARC = YES;
				CLANG_ENABLE_OBJC_WEAK = YES;
				CLANG_WARN_BLOCK_CAPTURE_AUTORELEASING = YES;
				CLANG_WARN_BOOL_CONVERSION = YES;
				CLANG_WARN_COMMA = YES;
				CLANG_WARN_CONSTANT_CONVERSION = YES;
				CLANG_WARN_DEPRECATED_OBJC_IMPLEMENTATIONS = YES;
				CLANG_WARN_DIRECT_OBJC_ISA_USAGE = YES_ERROR;
				CLANG_WARN_DOCUMENTATION_COMMENTS = YES;
				CLANG_WARN_EMPTY_BODY = YES;
				CLANG_WARN_ENUM_CONVERSION = YES;
				CLANG_WARN_INFINITE_RECURSION = YES;
				CLANG_WARN_INT_CONVERSION = YES;
				CLANG_WARN_NON_LITERAL_NULL_CONVERSION = YES;
				CLANG_WARN_OBJC_IMPLICIT_RETAIN_SELF = YES;
				CLANG_WARN_OBJC_LITERAL_CONVERSION = YES;
				CLANG_WARN_OBJC_ROOT_CLASS = YES_ERROR;
				CLANG_WARN_QUOTED_INCLUDE_IN_FRAMEWORK_HEADER = YES;
				CLANG_WARN_RANGE_LOOP_ANALYSIS = YES;
				CLANG_WARN_STRICT_PROTOTYPES = YES;
				CLANG_WARN_SUSPICIOUS_MOVE = YES;
				CLANG_WARN_UNGUARDED_AVAILABILITY = YES_AGGRESSIVE;
				CLANG_WARN_UNREACHABLE_CODE = YES;
				CLANG_WARN__DUPLICATE_METHOD_MATCH = YES;
				COPY_PHASE_STRIP = NO;
				CURRENT_PROJECT_VERSION = 1;
				DEBUG_INFORMATION_FORMAT = "dwarf-with-dsym";
				DEVELOPMENT_TEAM = 74H37MDT83;
				ENABLE_NS_ASSERTIONS = NO;
				ENABLE_STRICT_OBJC_MSGSEND = YES;
				GCC_C_LANGUAGE_STANDARD = gnu11;
				GCC_NO_COMMON_BLOCKS = YES;
				GCC_WARN_64_TO_32_BIT_CONVERSION = YES;
				GCC_WARN_ABOUT_RETURN_TYPE = YES_ERROR;
				GCC_WARN_UNDECLARED_SELECTOR = YES;
				GCC_WARN_UNINITIALIZED_AUTOS = YES_AGGRESSIVE;
				GCC_WARN_UNUSED_FUNCTION = YES;
				GCC_WARN_UNUSED_VARIABLE = YES;
				IPHONEOS_DEPLOYMENT_TARGET = 17.0;
				MARKETING_VERSION = 1.3;
				MTL_ENABLE_DEBUG_INFO = NO;
				MTL_FAST_MATH = YES;
				PRODUCT_NAME = "$(TARGET_NAME)";
				SDKROOT = iphoneos;
				SWIFT_COMPILATION_MODE = wholemodule;
				SWIFT_OPTIMIZATION_LEVEL = "-O";
				SWIFT_STRICT_CONCURRENCY = targeted;
				SWIFT_VERSION = 6.0;
			};
			name = Release;
		};
		904004B49A2C0AEA2AD4BBDD /* Debug */ = {
			isa = XCBuildConfiguration;
			buildSettings = {
				BUNDLE_LOADER = "$(TEST_HOST)";
				CODE_SIGN_STYLE = Automatic;
				GENERATE_INFOPLIST_FILE = YES;
				LD_RUNPATH_SEARCH_PATHS = (
					"$(inherited)",
					"@executable_path/Frameworks",
					"@loader_path/Frameworks",
				);
				PRODUCT_BUNDLE_IDENTIFIER = com.hao.doushan.tests;
				SDKROOT = iphoneos;
				SWIFT_STRICT_CONCURRENCY = targeted;
				TARGETED_DEVICE_FAMILY = "1,2";
				TEST_HOST = "$(BUILT_PRODUCTS_DIR)/AlbumSlim.app/AlbumSlim";
			};
			name = Debug;
		};
		E633B77F2D7D28FCDF674B87 /* Release */ = {
			isa = XCBuildConfiguration;
			buildSettings = {
				ASSETCATALOG_COMPILER_APPICON_NAME = AppIcon;
				ASSETCATALOG_COMPILER_GLOBAL_ACCENT_COLOR_NAME = AccentColor;
				CODE_SIGN_ENTITLEMENTS = AlbumSlim/AlbumSlim.entitlements;
				CODE_SIGN_IDENTITY = "iPhone Developer";
				CODE_SIGN_STYLE = Automatic;
				GENERATE_INFOPLIST_FILE = YES;
				INFOPLIST_FILE = AlbumSlim/Info.plist;
				INFOPLIST_GENERATION_MODE = GeneratedFile;
				INFOPLIST_KEY_CFBundleDisplayName = "闪图";
				INFOPLIST_KEY_LSApplicationCategoryType = "public.app-category.utilities";
				INFOPLIST_KEY_NSPhotoLibraryAddUsageDescription = "闪图需要保存压缩后的视频到您的照片库。";
				INFOPLIST_KEY_NSPhotoLibraryUsageDescription = "闪图需要访问您的照片库来分析和管理照片视频，所有处理均在本地完成。";
				INFOPLIST_KEY_UILaunchScreen_Generation = YES;
				LD_RUNPATH_SEARCH_PATHS = (
					"$(inherited)",
					"@executable_path/Frameworks",
				);
				PRODUCT_BUNDLE_IDENTIFIER = com.hao.doushan;
				SDKROOT = iphoneos;
				TARGETED_DEVICE_FAMILY = "1,2";
			};
			name = Release;
		};
		F910545E25B635C68231BCEA /* Debug */ = {
			isa = XCBuildConfiguration;
			buildSettings = {
				ALWAYS_SEARCH_USER_PATHS = NO;
				CLANG_ANALYZER_NONNULL = YES;
				CLANG_ANALYZER_NUMBER_OBJECT_CONVERSION = YES_AGGRESSIVE;
				CLANG_CXX_LANGUAGE_STANDARD = "gnu++14";
				CLANG_CXX_LIBRARY = "libc++";
				CLANG_ENABLE_MODULES = YES;
				CLANG_ENABLE_OBJC_ARC = YES;
				CLANG_ENABLE_OBJC_WEAK = YES;
				CLANG_WARN_BLOCK_CAPTURE_AUTORELEASING = YES;
				CLANG_WARN_BOOL_CONVERSION = YES;
				CLANG_WARN_COMMA = YES;
				CLANG_WARN_CONSTANT_CONVERSION = YES;
				CLANG_WARN_DEPRECATED_OBJC_IMPLEMENTATIONS = YES;
				CLANG_WARN_DIRECT_OBJC_ISA_USAGE = YES_ERROR;
				CLANG_WARN_DOCUMENTATION_COMMENTS = YES;
				CLANG_WARN_EMPTY_BODY = YES;
				CLANG_WARN_ENUM_CONVERSION = YES;
				CLANG_WARN_INFINITE_RECURSION = YES;
				CLANG_WARN_INT_CONVERSION = YES;
				CLANG_WARN_NON_LITERAL_NULL_CONVERSION = YES;
				CLANG_WARN_OBJC_IMPLICIT_RETAIN_SELF = YES;
				CLANG_WARN_OBJC_LITERAL_CONVERSION = YES;
				CLANG_WARN_OBJC_ROOT_CLASS = YES_ERROR;
				CLANG_WARN_QUOTED_INCLUDE_IN_FRAMEWORK_HEADER = YES;
				CLANG_WARN_RANGE_LOOP_ANALYSIS = YES;
				CLANG_WARN_STRICT_PROTOTYPES = YES;
				CLANG_WARN_SUSPICIOUS_MOVE = YES;
				CLANG_WARN_UNGUARDED_AVAILABILITY = YES_AGGRESSIVE;
				CLANG_WARN_UNREACHABLE_CODE = YES;
				CLANG_WARN__DUPLICATE_METHOD_MATCH = YES;
				COPY_PHASE_STRIP = NO;
				CURRENT_PROJECT_VERSION = 1;
				DEBUG_INFORMATION_FORMAT = dwarf;
				DEVELOPMENT_TEAM = 74H37MDT83;
				ENABLE_STRICT_OBJC_MSGSEND = YES;
				ENABLE_TESTABILITY = YES;
				GCC_C_LANGUAGE_STANDARD = gnu11;
				GCC_DYNAMIC_NO_PIC = NO;
				GCC_NO_COMMON_BLOCKS = YES;
				GCC_OPTIMIZATION_LEVEL = 0;
				GCC_PREPROCESSOR_DEFINITIONS = (
					"$(inherited)",
					"DEBUG=1",
				);
				GCC_WARN_64_TO_32_BIT_CONVERSION = YES;
				GCC_WARN_ABOUT_RETURN_TYPE = YES_ERROR;
				GCC_WARN_UNDECLARED_SELECTOR = YES;
				GCC_WARN_UNINITIALIZED_AUTOS = YES_AGGRESSIVE;
				GCC_WARN_UNUSED_FUNCTION = YES;
				GCC_WARN_UNUSED_VARIABLE = YES;
				IPHONEOS_DEPLOYMENT_TARGET = 17.0;
				MARKETING_VERSION = 1.3;
				MTL_ENABLE_DEBUG_INFO = INCLUDE_SOURCE;
				MTL_FAST_MATH = YES;
				ONLY_ACTIVE_ARCH = YES;
				PRODUCT_NAME = "$(TARGET_NAME)";
				SDKROOT = iphoneos;
				SWIFT_ACTIVE_COMPILATION_CONDITIONS = DEBUG;
				SWIFT_OPTIMIZATION_LEVEL = "-Onone";
				SWIFT_STRICT_CONCURRENCY = targeted;
				SWIFT_VERSION = 6.0;
			};
			name = Debug;
		};
		F96A65A75CA748C273A98C36 /* Release */ = {
			isa = XCBuildConfiguration;
			buildSettings = {
				BUNDLE_LOADER = "$(TEST_HOST)";
				CODE_SIGN_STYLE = Automatic;
				GENERATE_INFOPLIST_FILE = YES;
				LD_RUNPATH_SEARCH_PATHS = (
					"$(inherited)",
					"@executable_path/Frameworks",
					"@loader_path/Frameworks",
				);
				PRODUCT_BUNDLE_IDENTIFIER = com.hao.doushan.tests;
				SDKROOT = iphoneos;
				SWIFT_STRICT_CONCURRENCY = targeted;
				TARGETED_DEVICE_FAMILY = "1,2";
				TEST_HOST = "$(BUILT_PRODUCTS_DIR)/AlbumSlim.app/AlbumSlim";
			};
			name = Release;
		};
/* End XCBuildConfiguration section */

/* Begin XCConfigurationList section */
		5061FF43D901444737E7681F /* Build configuration list for PBXNativeTarget "AlbumSlim" */ = {
			isa = XCConfigurationList;
			buildConfigurations = (
				1934D23BAA483990FD92E96E /* Debug */,
				E633B77F2D7D28FCDF674B87 /* Release */,
			);
			defaultConfigurationIsVisible = 0;
			defaultConfigurationName = Debug;
		};
		5A8542A8A898BCE451BAA297 /* Build configuration list for PBXNativeTarget "AlbumSlimTests" */ = {
			isa = XCConfigurationList;
			buildConfigurations = (
				904004B49A2C0AEA2AD4BBDD /* Debug */,
				F96A65A75CA748C273A98C36 /* Release */,
			);
			defaultConfigurationIsVisible = 0;
			defaultConfigurationName = Debug;
		};
		82C5E656C1C1408032AAEF87 /* Build configuration list for PBXProject "AlbumSlim" */ = {
			isa = XCConfigurationList;
			buildConfigurations = (
				F910545E25B635C68231BCEA /* Debug */,
				2725CFB557C3F6E28500D97A /* Release */,
			);
			defaultConfigurationIsVisible = 0;
			defaultConfigurationName = Debug;
		};
/* End XCConfigurationList section */
	};
	rootObject = BF3206C2F7FBD378D90066B6 /* Project object */;
}
